
Microsoft Visual Studio Solution File, Format Version 12.00
# Visual Studio Version 17
VisualStudioVersion = 17.0.31903.59
MinimumVisualStudioVersion = 10.0.40219.1
Project("{9A19103F-16F7-4668-BE54-9A1E7A4F7556}") = "Web", "Web\Web.csproj", "{AB944840-22AF-4CF3-90C5-072FC5C5FB77}"
EndProject
Project("{9A19103F-16F7-4668-BE54-9A1E7A4F7556}") = "Components", "Components\Components.csproj", "{94BAF984-03DC-4235-9324-A374040FB69E}"
EndProject
Project("{9A19103F-16F7-4668-BE54-9A1E7A4F7556}") = "BlazorDemoComponents", "BlazorDemoComponents\BlazorDemoComponents.csproj", "{018B189C-003C-4B70-A80B-6CE56C9A926D}"
EndProject
Project("{9A19103F-16F7-4668-BE54-9A1E7A4F7556}") = "SharedModels", "SharedModels\SharedModels.csproj", "{79576DB0-46AF-44CE-AA24-761AA41BA102}"
EndProject
Project("{9A19103F-16F7-4668-BE54-9A1E7A4F7556}") = "OOPSDemoComponents", "OOPSDemoComponents\OOPSDemoComponents.csproj", "{3DDA59B0-9052-4B95-9424-BF28CA19FC2C}"
EndProject
Project("{9A19103F-16F7-4668-BE54-9A1E7A4F7556}") = "UITests", "UITests\UITests.csproj", "{EE057489-C455-4B09-989F-B3244660F3A1}"
EndProject
Project("{9A19103F-16F7-4668-BE54-9A1E7A4F7556}") = "DependencyInjectionDemoComponents", "DependencyInjectionDemoComponents\DependencyInjectionDemoComponents.csproj", "{5362FC74-15E2-4643-A5E8-2C5D60F9A562}"
EndProject
Project("{9A19103F-16F7-4668-BE54-9A1E7A4F7556}") = "SharedComponents", "SharedComponents\SharedComponents.csproj", "{4342D42B-34D8-4656-BADB-0716B574691F}"
EndProject
Project("{9A19103F-16F7-4668-BE54-9A1E7A4F7556}") = "LINQDemoComponents", "LINQDemoComponents\LINQDemoComponents.csproj", "{C791F1A6-B411-4039-9134-48F42CBF5CE7}"
EndProject
Project("{9A19103F-16F7-4668-BE54-9A1E7A4F7556}") = "DesignPatternDemoComponents", "DesignPatternDemoComponents\DesignPatternDemoComponents.csproj", "{66E322A8-BA3C-4E3A-B39D-29469ADC5CB0}"
EndProject
Project("{FAE04EC0-301F-11D3-BF4B-00C04F79EFBC}") = "ReportDemoComponents", "ReportDemoComponents\ReportDemoComponents.csproj", "{5D2C86BE-03A3-45D7-9D1A-D913EE428C9D}"
EndProject
Global
	GlobalSection(SolutionConfigurationPlatforms) = preSolution
		Debug|Any CPU = Debug|Any CPU
		Release|Any CPU = Release|Any CPU
	EndGlobalSection
	GlobalSection(ProjectConfigurationPlatforms) = postSolution
		{AB944840-22AF-4CF3-90C5-072FC5C5FB77}.Debug|Any CPU.ActiveCfg = Debug|Any CPU
		{AB944840-22AF-4CF3-90C5-072FC5C5FB77}.Debug|Any CPU.Build.0 = Debug|Any CPU
		{AB944840-22AF-4CF3-90C5-072FC5C5FB77}.Release|Any CPU.ActiveCfg = Release|Any CPU
		{AB944840-22AF-4CF3-90C5-072FC5C5FB77}.Release|Any CPU.Build.0 = Release|Any CPU
		{94BAF984-03DC-4235-9324-A374040FB69E}.Debug|Any CPU.ActiveCfg = Debug|Any CPU
		{94BAF984-03DC-4235-9324-A374040FB69E}.Debug|Any CPU.Build.0 = Debug|Any CPU
		{94BAF984-03DC-4235-9324-A374040FB69E}.Release|Any CPU.ActiveCfg = Release|Any CPU
		{94BAF984-03DC-4235-9324-A374040FB69E}.Release|Any CPU.Build.0 = Release|Any CPU
		{018B189C-003C-4B70-A80B-6CE56C9A926D}.Debug|Any CPU.ActiveCfg = Debug|Any CPU
		{018B189C-003C-4B70-A80B-6CE56C9A926D}.Debug|Any CPU.Build.0 = Debug|Any CPU
		{018B189C-003C-4B70-A80B-6CE56C9A926D}.Release|Any CPU.ActiveCfg = Release|Any CPU
		{018B189C-003C-4B70-A80B-6CE56C9A926D}.Release|Any CPU.Build.0 = Release|Any CPU
		{79576DB0-46AF-44CE-AA24-761AA41BA102}.Debug|Any CPU.ActiveCfg = Debug|Any CPU
		{79576DB0-46AF-44CE-AA24-761AA41BA102}.Debug|Any CPU.Build.0 = Debug|Any CPU
		{79576DB0-46AF-44CE-AA24-761AA41BA102}.Release|Any CPU.ActiveCfg = Release|Any CPU
		{79576DB0-46AF-44CE-AA24-761AA41BA102}.Release|Any CPU.Build.0 = Release|Any CPU
		{3DDA59B0-9052-4B95-9424-BF28CA19FC2C}.Debug|Any CPU.ActiveCfg = Debug|Any CPU
		{3DDA59B0-9052-4B95-9424-BF28CA19FC2C}.Debug|Any CPU.Build.0 = Debug|Any CPU
		{3DDA59B0-9052-4B95-9424-BF28CA19FC2C}.Release|Any CPU.ActiveCfg = Release|Any CPU
		{3DDA59B0-9052-4B95-9424-BF28CA19FC2C}.Release|Any CPU.Build.0 = Release|Any CPU
		{EE057489-C455-4B09-989F-B3244660F3A1}.Debug|Any CPU.ActiveCfg = Debug|Any CPU
		{EE057489-C455-4B09-989F-B3244660F3A1}.Debug|Any CPU.Build.0 = Debug|Any CPU
		{EE057489-C455-4B09-989F-B3244660F3A1}.Release|Any CPU.ActiveCfg = Release|Any CPU
		{EE057489-C455-4B09-989F-B3244660F3A1}.Release|Any CPU.Build.0 = Release|Any CPU
		{5362FC74-15E2-4643-A5E8-2C5D60F9A562}.Debug|Any CPU.ActiveCfg = Debug|Any CPU
		{5362FC74-15E2-4643-A5E8-2C5D60F9A562}.Debug|Any CPU.Build.0 = Debug|Any CPU
		{5362FC74-15E2-4643-A5E8-2C5D60F9A562}.Release|Any CPU.ActiveCfg = Release|Any CPU
		{5362FC74-15E2-4643-A5E8-2C5D60F9A562}.Release|Any CPU.Build.0 = Release|Any CPU
		{4342D42B-34D8-4656-BADB-0716B574691F}.Debug|Any CPU.ActiveCfg = Debug|Any CPU
		{4342D42B-34D8-4656-BADB-0716B574691F}.Debug|Any CPU.Build.0 = Debug|Any CPU
		{4342D42B-34D8-4656-BADB-0716B574691F}.Release|Any CPU.ActiveCfg = Release|Any CPU
		{4342D42B-34D8-4656-BADB-0716B574691F}.Release|Any CPU.Build.0 = Release|Any CPU
		{C791F1A6-B411-4039-9134-48F42CBF5CE7}.Debug|Any CPU.ActiveCfg = Debug|Any CPU
		{C791F1A6-B411-4039-9134-48F42CBF5CE7}.Debug|Any CPU.Build.0 = Debug|Any CPU
		{C791F1A6-B411-4039-9134-48F42CBF5CE7}.Release|Any CPU.ActiveCfg = Release|Any CPU
		{C791F1A6-B411-4039-9134-48F42CBF5CE7}.Release|Any CPU.Build.0 = Release|Any CPU
		{66E322A8-BA3C-4E3A-B39D-29469ADC5CB0}.Debug|Any CPU.ActiveCfg = Debug|Any CPU
		{66E322A8-BA3C-4E3A-B39D-29469ADC5CB0}.Debug|Any CPU.Build.0 = Debug|Any CPU
		{66E322A8-BA3C-4E3A-B39D-29469ADC5CB0}.Release|Any CPU.ActiveCfg = Release|Any CPU
		{66E322A8-BA3C-4E3A-B39D-29469ADC5CB0}.Release|Any CPU.Build.0 = Release|Any CPU
		{5D2C86BE-03A3-45D7-9D1A-D913EE428C9D}.Debug|Any CPU.ActiveCfg = Debug|Any CPU
		{5D2C86BE-03A3-45D7-9D1A-D913EE428C9D}.Debug|Any CPU.Build.0 = Debug|Any CPU
		{5D2C86BE-03A3-45D7-9D1A-D913EE428C9D}.Release|Any CPU.ActiveCfg = Release|Any CPU
		{5D2C86BE-03A3-45D7-9D1A-D913EE428C9D}.Release|Any CPU.Build.0 = Release|Any CPU
	EndGlobalSection
	GlobalSection(SolutionProperties) = preSolution
		HideSolutionNode = FALSE
	EndGlobalSection
	GlobalSection(ExtensibilityGlobals) = postSolution
		SolutionGuid = {EA5FAB48-C8B1-497C-8532-4E1D8D8ACCDB}
	EndGlobalSection
EndGlobal
