<Solution>
  <Configurations>
    <Platform Name="Any CPU" />
    <Platform Name="x64" />
    <Platform Name="x86" />
  </Configurations>
  <Folder Name="/Solution Items/">
    <File Path="Directory.Build.props" />
    <File Path="docker-compose.yml" />
    <File Path="Scripts/git_hooks/pre-commit" />
  </Folder>
  <Project Path="AIDemoComponents/AIDemoComponents.csproj" />
  <Project Path="BaseComponents/BaseComponents.csproj" />
  <Project Path="BlazorDemoComponents/BlazorDemoComponents.csproj" />
  <Project Path="CachingDemoComponents/CachingDemoComponents.csproj" />
  <Project Path="CommonComponents/CommonComponents.csproj" />
  <Project Path="DatabaseDemoComponents/DatabaseDemoComponents.csproj" />
  <Project Path="DDDDemoComponents/DDDDemoComponents.csproj" />
  <Project Path="DependencyInjectionDemoComponents/DependencyInjectionDemoComponents.csproj" />
  <Project Path="DesignPatternDemoComponents/DesignPatternDemoComponents.csproj" />
  <Project Path="HTTPClientDemoComponents/HTTPClientDemoComponents.csproj" />
  <Project Path="JSONDemoComponents/JSONDemoComponents.csproj" />
  <Project Path="LINQDemoComponents/LINQDemoComponents.csproj" />
  <Project Path="MAUI/MAUI.csproj">
    <Deploy Solution="*|Any CPU" />
  </Project>
  <Project Path="MAUIDemoComponents/MAUIDemoComponents.csproj" />
  <Project Path="MCPDemoComponents/MCPDemoComponents.csproj" />
  <Project Path="MiddlewareDemoComponents/MiddlewareDemoComponents.csproj" />
  <Project Path="MLNETDemoComponents/MLNETDemoComponents.csproj" />
  <Project Path="MSBuildDemoComponents/MSBuildDemoComponents.csproj" />
  <Project Path="OOPSDemoComponents/OOPSDemoComponents.csproj" />
  <Project Path="OWASPDemoComponents/OWASPDemoComponents.csproj" />
  <Project Path="PosterGenerator/PosterGenerator.csproj" />
  <Project Path="PythonDemoComponents/PythonDemoComponents.csproj" />
  <Project Path="RegexDemoComponents/RegexDemoComponents.csproj" />
  <Project Path="ReportDemoComponents/ReportDemoComponents.csproj" />
  <Project Path="RSSFeedGenerator/RSSFeedGenerator.csproj" />
  <Project Path="SecurityDemoComponents/SecurityDemoComponents.csproj" />
  <Project Path="SharedComponents/SharedComponents.csproj" />
  <Project Path="SharedModels/SharedModels.csproj" />
  <Project Path="SignalRDemoComponents/SignalRDemoComponents.csproj" />
  <Project Path="SitemapGenerator/SitemapGenerator.csproj" />
  <Project Path="SOLIDDemoComponents/SOLIDDemoComponents.csproj" />
  <Project Path="TalkDemoComponents/TalkDemoComponents.csproj" />
  <Project Path="TDDDemoComponents/TDDDemoComponents.csproj" />
  <Project Path="UITests/UITests.csproj" />
  <Project Path="Web/Web.csproj" />
  <Project Path="WebAPIDemoComponents/WebAPIDemoComponents.csproj" />
</Solution>
