
Microsoft Visual Studio Solution File, Format Version 12.00
# Visual Studio Version 17
VisualStudioVersion = 17.0.31903.59
MinimumVisualStudioVersion = 10.0.40219.1
Project("{9A19103F-16F7-4668-BE54-9A1E7A4F7556}") = "Web", "Web\Web.csproj", "{AB944840-22AF-4CF3-90C5-072FC5C5FB77}"
EndProject
Project("{9A19103F-16F7-4668-BE54-9A1E7A4F7556}") = "BaseComponents", "BaseComponents\BaseComponents.csproj", "{94BAF984-03DC-4235-9324-A374040FB69E}"
EndProject
Project("{9A19103F-16F7-4668-BE54-9A1E7A4F7556}") = "BlazorDemoComponents", "BlazorDemoComponents\BlazorDemoComponents.csproj", "{018B189C-003C-4B70-A80B-6CE56C9A926D}"
EndProject
Project("{9A19103F-16F7-4668-BE54-9A1E7A4F7556}") = "SharedModels", "SharedModels\SharedModels.csproj", "{79576DB0-46AF-44CE-AA24-761AA41BA102}"
EndProject
Project("{9A19103F-16F7-4668-BE54-9A1E7A4F7556}") = "OOPSDemoComponents", "OOPSDemoComponents\OOPSDemoComponents.csproj", "{3DDA59B0-9052-4B95-9424-BF28CA19FC2C}"
EndProject
Project("{9A19103F-16F7-4668-BE54-9A1E7A4F7556}") = "UITests", "UITests\UITests.csproj", "{EE057489-C455-4B09-989F-B3244660F3A1}"
EndProject
Project("{9A19103F-16F7-4668-BE54-9A1E7A4F7556}") = "DependencyInjectionDemoComponents", "DependencyInjectionDemoComponents\DependencyInjectionDemoComponents.csproj", "{5362FC74-15E2-4643-A5E8-2C5D60F9A562}"
EndProject
Project("{9A19103F-16F7-4668-BE54-9A1E7A4F7556}") = "SharedComponents", "SharedComponents\SharedComponents.csproj", "{4342D42B-34D8-4656-BADB-0716B574691F}"
EndProject
Project("{9A19103F-16F7-4668-BE54-9A1E7A4F7556}") = "LINQDemoComponents", "LINQDemoComponents\LINQDemoComponents.csproj", "{C791F1A6-B411-4039-9134-48F42CBF5CE7}"
EndProject
Project("{9A19103F-16F7-4668-BE54-9A1E7A4F7556}") = "DesignPatternDemoComponents", "DesignPatternDemoComponents\DesignPatternDemoComponents.csproj", "{66E322A8-BA3C-4E3A-B39D-29469ADC5CB0}"
EndProject
Project("{9A19103F-16F7-4668-BE54-9A1E7A4F7556}") = "ReportDemoComponents", "ReportDemoComponents\ReportDemoComponents.csproj", "{5D2C86BE-03A3-45D7-9D1A-D913EE428C9D}"
EndProject
Project("{9A19103F-16F7-4668-BE54-9A1E7A4F7556}") = "HTTPClientDemoComponents", "HTTPClientDemoComponents\HTTPClientDemoComponents.csproj", "{224CA585-400F-4E2A-8ECA-5FE553AFFB83}"
EndProject
Project("{9A19103F-16F7-4668-BE54-9A1E7A4F7556}") = "MiddlewareDemoComponents", "MiddlewareDemoComponents\MiddlewareDemoComponents.csproj", "{8C220971-A3A4-4C0E-870D-A0400A1EA323}"
EndProject
Project("{9A19103F-16F7-4668-BE54-9A1E7A4F7556}") = "PythonDemoComponents", "PythonDemoComponents\PythonDemoComponents.csproj", "{83C21E3D-8A6E-40BA-8FB5-9BDFBD740E6E}"
EndProject
Project("{9A19103F-16F7-4668-BE54-9A1E7A4F7556}") = "SOLIDDemoComponents", "SOLIDDemoComponents\SOLIDDemoComponents.csproj", "{31403325-6734-4174-BBDE-75D199467D39}"
EndProject
Project("{9A19103F-16F7-4668-BE54-9A1E7A4F7556}") = "TDDDemoComponents", "TDDDemoComponents\TDDDemoComponents.csproj", "{4117500B-5C00-4A83-A532-C7A19CC86A05}"
EndProject
Project("{9A19103F-16F7-4668-BE54-9A1E7A4F7556}") = "WebAPIDemoComponents", "WebAPIDemoComponents\WebAPIDemoComponents.csproj", "{43C1D6D6-8CF2-49B2-ACBE-05057DD00246}"
EndProject
Project("{9A19103F-16F7-4668-BE54-9A1E7A4F7556}") = "CommonComponents", "CommonComponents\CommonComponents.csproj", "{844F4293-18CE-4E6E-B717-B01D16292A95}"
EndProject
Project("{9A19103F-16F7-4668-BE54-9A1E7A4F7556}") = "OWASPDemoComponents", "OWASPDemoComponents\OWASPDemoComponents.csproj", "{AEDB5E66-E007-42AD-839B-9337D4ED3F5C}"
EndProject
Project("{9A19103F-16F7-4668-BE54-9A1E7A4F7556}") = "TalkDemoComponents", "TalkDemoComponents\TalkDemoComponents.csproj", "{CF2F227E-D487-4E56-8424-0AA93ECC9F5A}"
EndProject
Project("{9A19103F-16F7-4668-BE54-9A1E7A4F7556}") = "MAUI", "MAUI\MAUI.csproj", "{754B31C6-A7A2-4078-B0A2-543343BA5F43}"
EndProject
Project("{9A19103F-16F7-4668-BE54-9A1E7A4F7556}") = "SignalRDemoComponents", "SignalRDemoComponents\SignalRDemoComponents.csproj", "{2E0DBBFD-4936-42ED-B4A2-ADE1F0A84545}"
EndProject
Project("{2150E333-8FDC-42A3-9474-1A3956D46DE8}") = "Solution Items", "Solution Items", "{DA59A184-D610-4208-A61A-1B1BEE403818}"
	ProjectSection(SolutionItems) = preProject
		Directory.Build.props = Directory.Build.props
		docker-compose.yml = docker-compose.yml
		Scripts\git_hooks\pre-commit = Scripts\git_hooks\pre-commit
	EndProjectSection
EndProject
Project("{FAE04EC0-301F-11D3-BF4B-00C04F79EFBC}") = "RSSFeedGenerator", "RSSFeedGenerator\RSSFeedGenerator.csproj", "{415AD9A8-3171-46F9-BFF0-E3C8A34F17DD}"
EndProject
Project("{FAE04EC0-301F-11D3-BF4B-00C04F79EFBC}") = "SitemapGenerator", "SitemapGenerator\SitemapGenerator.csproj", "{2259ABB9-4DC3-4F15-86F2-23F63405D450}"
EndProject
Project("{FAE04EC0-301F-11D3-BF4B-00C04F79EFBC}") = "MSBuildDemoComponents", "MSBuildDemoComponents\MSBuildDemoComponents.csproj", "{D434E61C-356D-4FE8-B6C9-FF8B66E9DB72}"
EndProject
Project("{FAE04EC0-301F-11D3-BF4B-00C04F79EFBC}") = "RegexDemoComponents", "RegexDemoComponents\RegexDemoComponents.csproj", "{3216F044-CF06-4D1A-88DA-B01CA557DE12}"
EndProject
Project("{FAE04EC0-301F-11D3-BF4B-00C04F79EFBC}") = "MAUIDemoComponents", "MAUIDemoComponents\MAUIDemoComponents.csproj", "{F70F50BB-C07E-4FCC-B9AB-18EE847AB708}"
EndProject
Project("{FAE04EC0-301F-11D3-BF4B-00C04F79EFBC}") = "MLNETDemoComponents", "MLNETDemoComponents\MLNETDemoComponents.csproj", "{A43C9729-A9C1-4CCB-8235-1193CE783C90}"
EndProject
Project("{FAE04EC0-301F-11D3-BF4B-00C04F79EFBC}") = "AIDemoComponents", "AIDemoComponents\AIDemoComponents.csproj", "{09E5DD28-ADE4-496B-8BFC-A7C5713D4F94}"
EndProject
Project("{FAE04EC0-301F-11D3-BF4B-00C04F79EFBC}") = "SecurityDemoComponents", "SecurityDemoComponents\SecurityDemoComponents.csproj", "{44DB7E3E-C615-41FC-BBA9-C4AFFAD4C4AC}"
EndProject
Project("{FAE04EC0-301F-11D3-BF4B-00C04F79EFBC}") = "PosterGenerator", "PosterGenerator\PosterGenerator.csproj", "{3EBEB444-87F5-4992-87A8-490FE9D2AA00}"
EndProject
Project("{FAE04EC0-301F-11D3-BF4B-00C04F79EFBC}") = "JSONDemoComponents", "JSONDemoComponents\JSONDemoComponents.csproj", "{FAC90261-C93B-4340-B426-F5C7AB808CED}"
EndProject
Project("{FAE04EC0-301F-11D3-BF4B-00C04F79EFBC}") = "MCPDemoComponents", "MCPDemoComponents\MCPDemoComponents.csproj", "{4BD06B6F-16C6-4DBA-85E7-304B835B1A75}"
EndProject
Project("{FAE04EC0-301F-11D3-BF4B-00C04F79EFBC}") = "DatabaseDemoComponents", "DatabaseDemoComponents\DatabaseDemoComponents.csproj", "{036DC589-B9AE-49D4-8D08-C3AE48A37AE3}"
EndProject
Project("{FAE04EC0-301F-11D3-BF4B-00C04F79EFBC}") = "DDDDemoComponents", "DDDDemoComponents\DDDDemoComponents.csproj", "{5B0AE474-D8E6-45F6-B5B0-891530C13A46}"
EndProject
Global
	GlobalSection(SolutionConfigurationPlatforms) = preSolution
		Debug|Any CPU = Debug|Any CPU
		Debug|x64 = Debug|x64
		Debug|x86 = Debug|x86
		Release|Any CPU = Release|Any CPU
		Release|x64 = Release|x64
		Release|x86 = Release|x86
	EndGlobalSection
	GlobalSection(ProjectConfigurationPlatforms) = postSolution
		{AB944840-22AF-4CF3-90C5-072FC5C5FB77}.Debug|Any CPU.ActiveCfg = Debug|Any CPU
		{AB944840-22AF-4CF3-90C5-072FC5C5FB77}.Debug|Any CPU.Build.0 = Debug|Any CPU
		{AB944840-22AF-4CF3-90C5-072FC5C5FB77}.Debug|x64.ActiveCfg = Debug|Any CPU
		{AB944840-22AF-4CF3-90C5-072FC5C5FB77}.Debug|x64.Build.0 = Debug|Any CPU
		{AB944840-22AF-4CF3-90C5-072FC5C5FB77}.Debug|x86.ActiveCfg = Debug|Any CPU
		{AB944840-22AF-4CF3-90C5-072FC5C5FB77}.Debug|x86.Build.0 = Debug|Any CPU
		{AB944840-22AF-4CF3-90C5-072FC5C5FB77}.Release|Any CPU.ActiveCfg = Release|Any CPU
		{AB944840-22AF-4CF3-90C5-072FC5C5FB77}.Release|Any CPU.Build.0 = Release|Any CPU
		{AB944840-22AF-4CF3-90C5-072FC5C5FB77}.Release|x64.ActiveCfg = Release|Any CPU
		{AB944840-22AF-4CF3-90C5-072FC5C5FB77}.Release|x64.Build.0 = Release|Any CPU
		{AB944840-22AF-4CF3-90C5-072FC5C5FB77}.Release|x86.ActiveCfg = Release|Any CPU
		{AB944840-22AF-4CF3-90C5-072FC5C5FB77}.Release|x86.Build.0 = Release|Any CPU
		{94BAF984-03DC-4235-9324-A374040FB69E}.Debug|Any CPU.ActiveCfg = Debug|Any CPU
		{94BAF984-03DC-4235-9324-A374040FB69E}.Debug|Any CPU.Build.0 = Debug|Any CPU
		{94BAF984-03DC-4235-9324-A374040FB69E}.Debug|x64.ActiveCfg = Debug|Any CPU
		{94BAF984-03DC-4235-9324-A374040FB69E}.Debug|x64.Build.0 = Debug|Any CPU
		{94BAF984-03DC-4235-9324-A374040FB69E}.Debug|x86.ActiveCfg = Debug|Any CPU
		{94BAF984-03DC-4235-9324-A374040FB69E}.Debug|x86.Build.0 = Debug|Any CPU
		{94BAF984-03DC-4235-9324-A374040FB69E}.Release|Any CPU.ActiveCfg = Release|Any CPU
		{94BAF984-03DC-4235-9324-A374040FB69E}.Release|Any CPU.Build.0 = Release|Any CPU
		{94BAF984-03DC-4235-9324-A374040FB69E}.Release|x64.ActiveCfg = Release|Any CPU
		{94BAF984-03DC-4235-9324-A374040FB69E}.Release|x64.Build.0 = Release|Any CPU
		{94BAF984-03DC-4235-9324-A374040FB69E}.Release|x86.ActiveCfg = Release|Any CPU
		{94BAF984-03DC-4235-9324-A374040FB69E}.Release|x86.Build.0 = Release|Any CPU
		{018B189C-003C-4B70-A80B-6CE56C9A926D}.Debug|Any CPU.ActiveCfg = Debug|Any CPU
		{018B189C-003C-4B70-A80B-6CE56C9A926D}.Debug|Any CPU.Build.0 = Debug|Any CPU
		{018B189C-003C-4B70-A80B-6CE56C9A926D}.Debug|x64.ActiveCfg = Debug|Any CPU
		{018B189C-003C-4B70-A80B-6CE56C9A926D}.Debug|x64.Build.0 = Debug|Any CPU
		{018B189C-003C-4B70-A80B-6CE56C9A926D}.Debug|x86.ActiveCfg = Debug|Any CPU
		{018B189C-003C-4B70-A80B-6CE56C9A926D}.Debug|x86.Build.0 = Debug|Any CPU
		{018B189C-003C-4B70-A80B-6CE56C9A926D}.Release|Any CPU.ActiveCfg = Release|Any CPU
		{018B189C-003C-4B70-A80B-6CE56C9A926D}.Release|Any CPU.Build.0 = Release|Any CPU
		{018B189C-003C-4B70-A80B-6CE56C9A926D}.Release|x64.ActiveCfg = Release|Any CPU
		{018B189C-003C-4B70-A80B-6CE56C9A926D}.Release|x64.Build.0 = Release|Any CPU
		{018B189C-003C-4B70-A80B-6CE56C9A926D}.Release|x86.ActiveCfg = Release|Any CPU
		{018B189C-003C-4B70-A80B-6CE56C9A926D}.Release|x86.Build.0 = Release|Any CPU
		{79576DB0-46AF-44CE-AA24-761AA41BA102}.Debug|Any CPU.ActiveCfg = Debug|Any CPU
		{79576DB0-46AF-44CE-AA24-761AA41BA102}.Debug|Any CPU.Build.0 = Debug|Any CPU
		{79576DB0-46AF-44CE-AA24-761AA41BA102}.Debug|x64.ActiveCfg = Debug|Any CPU
		{79576DB0-46AF-44CE-AA24-761AA41BA102}.Debug|x64.Build.0 = Debug|Any CPU
		{79576DB0-46AF-44CE-AA24-761AA41BA102}.Debug|x86.ActiveCfg = Debug|Any CPU
		{79576DB0-46AF-44CE-AA24-761AA41BA102}.Debug|x86.Build.0 = Debug|Any CPU
		{79576DB0-46AF-44CE-AA24-761AA41BA102}.Release|Any CPU.ActiveCfg = Release|Any CPU
		{79576DB0-46AF-44CE-AA24-761AA41BA102}.Release|Any CPU.Build.0 = Release|Any CPU
		{79576DB0-46AF-44CE-AA24-761AA41BA102}.Release|x64.ActiveCfg = Release|Any CPU
		{79576DB0-46AF-44CE-AA24-761AA41BA102}.Release|x64.Build.0 = Release|Any CPU
		{79576DB0-46AF-44CE-AA24-761AA41BA102}.Release|x86.ActiveCfg = Release|Any CPU
		{79576DB0-46AF-44CE-AA24-761AA41BA102}.Release|x86.Build.0 = Release|Any CPU
		{3DDA59B0-9052-4B95-9424-BF28CA19FC2C}.Debug|Any CPU.ActiveCfg = Debug|Any CPU
		{3DDA59B0-9052-4B95-9424-BF28CA19FC2C}.Debug|Any CPU.Build.0 = Debug|Any CPU
		{3DDA59B0-9052-4B95-9424-BF28CA19FC2C}.Debug|x64.ActiveCfg = Debug|Any CPU
		{3DDA59B0-9052-4B95-9424-BF28CA19FC2C}.Debug|x64.Build.0 = Debug|Any CPU
		{3DDA59B0-9052-4B95-9424-BF28CA19FC2C}.Debug|x86.ActiveCfg = Debug|Any CPU
		{3DDA59B0-9052-4B95-9424-BF28CA19FC2C}.Debug|x86.Build.0 = Debug|Any CPU
		{3DDA59B0-9052-4B95-9424-BF28CA19FC2C}.Release|Any CPU.ActiveCfg = Release|Any CPU
		{3DDA59B0-9052-4B95-9424-BF28CA19FC2C}.Release|Any CPU.Build.0 = Release|Any CPU
		{3DDA59B0-9052-4B95-9424-BF28CA19FC2C}.Release|x64.ActiveCfg = Release|Any CPU
		{3DDA59B0-9052-4B95-9424-BF28CA19FC2C}.Release|x64.Build.0 = Release|Any CPU
		{3DDA59B0-9052-4B95-9424-BF28CA19FC2C}.Release|x86.ActiveCfg = Release|Any CPU
		{3DDA59B0-9052-4B95-9424-BF28CA19FC2C}.Release|x86.Build.0 = Release|Any CPU
		{EE057489-C455-4B09-989F-B3244660F3A1}.Debug|Any CPU.ActiveCfg = Debug|Any CPU
		{EE057489-C455-4B09-989F-B3244660F3A1}.Debug|Any CPU.Build.0 = Debug|Any CPU
		{EE057489-C455-4B09-989F-B3244660F3A1}.Debug|x64.ActiveCfg = Debug|Any CPU
		{EE057489-C455-4B09-989F-B3244660F3A1}.Debug|x64.Build.0 = Debug|Any CPU
		{EE057489-C455-4B09-989F-B3244660F3A1}.Debug|x86.ActiveCfg = Debug|Any CPU
		{EE057489-C455-4B09-989F-B3244660F3A1}.Debug|x86.Build.0 = Debug|Any CPU
		{EE057489-C455-4B09-989F-B3244660F3A1}.Release|Any CPU.ActiveCfg = Release|Any CPU
		{EE057489-C455-4B09-989F-B3244660F3A1}.Release|Any CPU.Build.0 = Release|Any CPU
		{EE057489-C455-4B09-989F-B3244660F3A1}.Release|x64.ActiveCfg = Release|Any CPU
		{EE057489-C455-4B09-989F-B3244660F3A1}.Release|x64.Build.0 = Release|Any CPU
		{EE057489-C455-4B09-989F-B3244660F3A1}.Release|x86.ActiveCfg = Release|Any CPU
		{EE057489-C455-4B09-989F-B3244660F3A1}.Release|x86.Build.0 = Release|Any CPU
		{5362FC74-15E2-4643-A5E8-2C5D60F9A562}.Debug|Any CPU.ActiveCfg = Debug|Any CPU
		{5362FC74-15E2-4643-A5E8-2C5D60F9A562}.Debug|Any CPU.Build.0 = Debug|Any CPU
		{5362FC74-15E2-4643-A5E8-2C5D60F9A562}.Debug|x64.ActiveCfg = Debug|Any CPU
		{5362FC74-15E2-4643-A5E8-2C5D60F9A562}.Debug|x64.Build.0 = Debug|Any CPU
		{5362FC74-15E2-4643-A5E8-2C5D60F9A562}.Debug|x86.ActiveCfg = Debug|Any CPU
		{5362FC74-15E2-4643-A5E8-2C5D60F9A562}.Debug|x86.Build.0 = Debug|Any CPU
		{5362FC74-15E2-4643-A5E8-2C5D60F9A562}.Release|Any CPU.ActiveCfg = Release|Any CPU
		{5362FC74-15E2-4643-A5E8-2C5D60F9A562}.Release|Any CPU.Build.0 = Release|Any CPU
		{5362FC74-15E2-4643-A5E8-2C5D60F9A562}.Release|x64.ActiveCfg = Release|Any CPU
		{5362FC74-15E2-4643-A5E8-2C5D60F9A562}.Release|x64.Build.0 = Release|Any CPU
		{5362FC74-15E2-4643-A5E8-2C5D60F9A562}.Release|x86.ActiveCfg = Release|Any CPU
		{5362FC74-15E2-4643-A5E8-2C5D60F9A562}.Release|x86.Build.0 = Release|Any CPU
		{4342D42B-34D8-4656-BADB-0716B574691F}.Debug|Any CPU.ActiveCfg = Debug|Any CPU
		{4342D42B-34D8-4656-BADB-0716B574691F}.Debug|Any CPU.Build.0 = Debug|Any CPU
		{4342D42B-34D8-4656-BADB-0716B574691F}.Debug|x64.ActiveCfg = Debug|Any CPU
		{4342D42B-34D8-4656-BADB-0716B574691F}.Debug|x64.Build.0 = Debug|Any CPU
		{4342D42B-34D8-4656-BADB-0716B574691F}.Debug|x86.ActiveCfg = Debug|Any CPU
		{4342D42B-34D8-4656-BADB-0716B574691F}.Debug|x86.Build.0 = Debug|Any CPU
		{4342D42B-34D8-4656-BADB-0716B574691F}.Release|Any CPU.ActiveCfg = Release|Any CPU
		{4342D42B-34D8-4656-BADB-0716B574691F}.Release|Any CPU.Build.0 = Release|Any CPU
		{4342D42B-34D8-4656-BADB-0716B574691F}.Release|x64.ActiveCfg = Release|Any CPU
		{4342D42B-34D8-4656-BADB-0716B574691F}.Release|x64.Build.0 = Release|Any CPU
		{4342D42B-34D8-4656-BADB-0716B574691F}.Release|x86.ActiveCfg = Release|Any CPU
		{4342D42B-34D8-4656-BADB-0716B574691F}.Release|x86.Build.0 = Release|Any CPU
		{C791F1A6-B411-4039-9134-48F42CBF5CE7}.Debug|Any CPU.ActiveCfg = Debug|Any CPU
		{C791F1A6-B411-4039-9134-48F42CBF5CE7}.Debug|Any CPU.Build.0 = Debug|Any CPU
		{C791F1A6-B411-4039-9134-48F42CBF5CE7}.Debug|x64.ActiveCfg = Debug|Any CPU
		{C791F1A6-B411-4039-9134-48F42CBF5CE7}.Debug|x64.Build.0 = Debug|Any CPU
		{C791F1A6-B411-4039-9134-48F42CBF5CE7}.Debug|x86.ActiveCfg = Debug|Any CPU
		{C791F1A6-B411-4039-9134-48F42CBF5CE7}.Debug|x86.Build.0 = Debug|Any CPU
		{C791F1A6-B411-4039-9134-48F42CBF5CE7}.Release|Any CPU.ActiveCfg = Release|Any CPU
		{C791F1A6-B411-4039-9134-48F42CBF5CE7}.Release|Any CPU.Build.0 = Release|Any CPU
		{C791F1A6-B411-4039-9134-48F42CBF5CE7}.Release|x64.ActiveCfg = Release|Any CPU
		{C791F1A6-B411-4039-9134-48F42CBF5CE7}.Release|x64.Build.0 = Release|Any CPU
		{C791F1A6-B411-4039-9134-48F42CBF5CE7}.Release|x86.ActiveCfg = Release|Any CPU
		{C791F1A6-B411-4039-9134-48F42CBF5CE7}.Release|x86.Build.0 = Release|Any CPU
		{66E322A8-BA3C-4E3A-B39D-29469ADC5CB0}.Debug|Any CPU.ActiveCfg = Debug|Any CPU
		{66E322A8-BA3C-4E3A-B39D-29469ADC5CB0}.Debug|Any CPU.Build.0 = Debug|Any CPU
		{66E322A8-BA3C-4E3A-B39D-29469ADC5CB0}.Debug|x64.ActiveCfg = Debug|Any CPU
		{66E322A8-BA3C-4E3A-B39D-29469ADC5CB0}.Debug|x64.Build.0 = Debug|Any CPU
		{66E322A8-BA3C-4E3A-B39D-29469ADC5CB0}.Debug|x86.ActiveCfg = Debug|Any CPU
		{66E322A8-BA3C-4E3A-B39D-29469ADC5CB0}.Debug|x86.Build.0 = Debug|Any CPU
		{66E322A8-BA3C-4E3A-B39D-29469ADC5CB0}.Release|Any CPU.ActiveCfg = Release|Any CPU
		{66E322A8-BA3C-4E3A-B39D-29469ADC5CB0}.Release|Any CPU.Build.0 = Release|Any CPU
		{66E322A8-BA3C-4E3A-B39D-29469ADC5CB0}.Release|x64.ActiveCfg = Release|Any CPU
		{66E322A8-BA3C-4E3A-B39D-29469ADC5CB0}.Release|x64.Build.0 = Release|Any CPU
		{66E322A8-BA3C-4E3A-B39D-29469ADC5CB0}.Release|x86.ActiveCfg = Release|Any CPU
		{66E322A8-BA3C-4E3A-B39D-29469ADC5CB0}.Release|x86.Build.0 = Release|Any CPU
		{5D2C86BE-03A3-45D7-9D1A-D913EE428C9D}.Debug|Any CPU.ActiveCfg = Debug|Any CPU
		{5D2C86BE-03A3-45D7-9D1A-D913EE428C9D}.Debug|Any CPU.Build.0 = Debug|Any CPU
		{5D2C86BE-03A3-45D7-9D1A-D913EE428C9D}.Debug|x64.ActiveCfg = Debug|Any CPU
		{5D2C86BE-03A3-45D7-9D1A-D913EE428C9D}.Debug|x64.Build.0 = Debug|Any CPU
		{5D2C86BE-03A3-45D7-9D1A-D913EE428C9D}.Debug|x86.ActiveCfg = Debug|Any CPU
		{5D2C86BE-03A3-45D7-9D1A-D913EE428C9D}.Debug|x86.Build.0 = Debug|Any CPU
		{5D2C86BE-03A3-45D7-9D1A-D913EE428C9D}.Release|Any CPU.ActiveCfg = Release|Any CPU
		{5D2C86BE-03A3-45D7-9D1A-D913EE428C9D}.Release|Any CPU.Build.0 = Release|Any CPU
		{5D2C86BE-03A3-45D7-9D1A-D913EE428C9D}.Release|x64.ActiveCfg = Release|Any CPU
		{5D2C86BE-03A3-45D7-9D1A-D913EE428C9D}.Release|x64.Build.0 = Release|Any CPU
		{5D2C86BE-03A3-45D7-9D1A-D913EE428C9D}.Release|x86.ActiveCfg = Release|Any CPU
		{5D2C86BE-03A3-45D7-9D1A-D913EE428C9D}.Release|x86.Build.0 = Release|Any CPU
		{224CA585-400F-4E2A-8ECA-5FE553AFFB83}.Debug|Any CPU.ActiveCfg = Debug|Any CPU
		{224CA585-400F-4E2A-8ECA-5FE553AFFB83}.Debug|Any CPU.Build.0 = Debug|Any CPU
		{224CA585-400F-4E2A-8ECA-5FE553AFFB83}.Debug|x64.ActiveCfg = Debug|Any CPU
		{224CA585-400F-4E2A-8ECA-5FE553AFFB83}.Debug|x64.Build.0 = Debug|Any CPU
		{224CA585-400F-4E2A-8ECA-5FE553AFFB83}.Debug|x86.ActiveCfg = Debug|Any CPU
		{224CA585-400F-4E2A-8ECA-5FE553AFFB83}.Debug|x86.Build.0 = Debug|Any CPU
		{224CA585-400F-4E2A-8ECA-5FE553AFFB83}.Release|Any CPU.ActiveCfg = Release|Any CPU
		{224CA585-400F-4E2A-8ECA-5FE553AFFB83}.Release|Any CPU.Build.0 = Release|Any CPU
		{224CA585-400F-4E2A-8ECA-5FE553AFFB83}.Release|x64.ActiveCfg = Release|Any CPU
		{224CA585-400F-4E2A-8ECA-5FE553AFFB83}.Release|x64.Build.0 = Release|Any CPU
		{224CA585-400F-4E2A-8ECA-5FE553AFFB83}.Release|x86.ActiveCfg = Release|Any CPU
		{224CA585-400F-4E2A-8ECA-5FE553AFFB83}.Release|x86.Build.0 = Release|Any CPU
		{8C220971-A3A4-4C0E-870D-A0400A1EA323}.Debug|Any CPU.ActiveCfg = Debug|Any CPU
		{8C220971-A3A4-4C0E-870D-A0400A1EA323}.Debug|Any CPU.Build.0 = Debug|Any CPU
		{8C220971-A3A4-4C0E-870D-A0400A1EA323}.Debug|x64.ActiveCfg = Debug|Any CPU
		{8C220971-A3A4-4C0E-870D-A0400A1EA323}.Debug|x64.Build.0 = Debug|Any CPU
		{8C220971-A3A4-4C0E-870D-A0400A1EA323}.Debug|x86.ActiveCfg = Debug|Any CPU
		{8C220971-A3A4-4C0E-870D-A0400A1EA323}.Debug|x86.Build.0 = Debug|Any CPU
		{8C220971-A3A4-4C0E-870D-A0400A1EA323}.Release|Any CPU.ActiveCfg = Release|Any CPU
		{8C220971-A3A4-4C0E-870D-A0400A1EA323}.Release|Any CPU.Build.0 = Release|Any CPU
		{8C220971-A3A4-4C0E-870D-A0400A1EA323}.Release|x64.ActiveCfg = Release|Any CPU
		{8C220971-A3A4-4C0E-870D-A0400A1EA323}.Release|x64.Build.0 = Release|Any CPU
		{8C220971-A3A4-4C0E-870D-A0400A1EA323}.Release|x86.ActiveCfg = Release|Any CPU
		{8C220971-A3A4-4C0E-870D-A0400A1EA323}.Release|x86.Build.0 = Release|Any CPU
		{83C21E3D-8A6E-40BA-8FB5-9BDFBD740E6E}.Debug|Any CPU.ActiveCfg = Debug|Any CPU
		{83C21E3D-8A6E-40BA-8FB5-9BDFBD740E6E}.Debug|Any CPU.Build.0 = Debug|Any CPU
		{83C21E3D-8A6E-40BA-8FB5-9BDFBD740E6E}.Debug|x64.ActiveCfg = Debug|Any CPU
		{83C21E3D-8A6E-40BA-8FB5-9BDFBD740E6E}.Debug|x64.Build.0 = Debug|Any CPU
		{83C21E3D-8A6E-40BA-8FB5-9BDFBD740E6E}.Debug|x86.ActiveCfg = Debug|Any CPU
		{83C21E3D-8A6E-40BA-8FB5-9BDFBD740E6E}.Debug|x86.Build.0 = Debug|Any CPU
		{83C21E3D-8A6E-40BA-8FB5-9BDFBD740E6E}.Release|Any CPU.ActiveCfg = Release|Any CPU
		{83C21E3D-8A6E-40BA-8FB5-9BDFBD740E6E}.Release|Any CPU.Build.0 = Release|Any CPU
		{83C21E3D-8A6E-40BA-8FB5-9BDFBD740E6E}.Release|x64.ActiveCfg = Release|Any CPU
		{83C21E3D-8A6E-40BA-8FB5-9BDFBD740E6E}.Release|x64.Build.0 = Release|Any CPU
		{83C21E3D-8A6E-40BA-8FB5-9BDFBD740E6E}.Release|x86.ActiveCfg = Release|Any CPU
		{83C21E3D-8A6E-40BA-8FB5-9BDFBD740E6E}.Release|x86.Build.0 = Release|Any CPU
		{31403325-6734-4174-BBDE-75D199467D39}.Debug|Any CPU.ActiveCfg = Debug|Any CPU
		{31403325-6734-4174-BBDE-75D199467D39}.Debug|Any CPU.Build.0 = Debug|Any CPU
		{31403325-6734-4174-BBDE-75D199467D39}.Debug|x64.ActiveCfg = Debug|Any CPU
		{31403325-6734-4174-BBDE-75D199467D39}.Debug|x64.Build.0 = Debug|Any CPU
		{31403325-6734-4174-BBDE-75D199467D39}.Debug|x86.ActiveCfg = Debug|Any CPU
		{31403325-6734-4174-BBDE-75D199467D39}.Debug|x86.Build.0 = Debug|Any CPU
		{31403325-6734-4174-BBDE-75D199467D39}.Release|Any CPU.ActiveCfg = Release|Any CPU
		{31403325-6734-4174-BBDE-75D199467D39}.Release|Any CPU.Build.0 = Release|Any CPU
		{31403325-6734-4174-BBDE-75D199467D39}.Release|x64.ActiveCfg = Release|Any CPU
		{31403325-6734-4174-BBDE-75D199467D39}.Release|x64.Build.0 = Release|Any CPU
		{31403325-6734-4174-BBDE-75D199467D39}.Release|x86.ActiveCfg = Release|Any CPU
		{31403325-6734-4174-BBDE-75D199467D39}.Release|x86.Build.0 = Release|Any CPU
		{4117500B-5C00-4A83-A532-C7A19CC86A05}.Debug|Any CPU.ActiveCfg = Debug|Any CPU
		{4117500B-5C00-4A83-A532-C7A19CC86A05}.Debug|Any CPU.Build.0 = Debug|Any CPU
		{4117500B-5C00-4A83-A532-C7A19CC86A05}.Debug|x64.ActiveCfg = Debug|Any CPU
		{4117500B-5C00-4A83-A532-C7A19CC86A05}.Debug|x64.Build.0 = Debug|Any CPU
		{4117500B-5C00-4A83-A532-C7A19CC86A05}.Debug|x86.ActiveCfg = Debug|Any CPU
		{4117500B-5C00-4A83-A532-C7A19CC86A05}.Debug|x86.Build.0 = Debug|Any CPU
		{4117500B-5C00-4A83-A532-C7A19CC86A05}.Release|Any CPU.ActiveCfg = Release|Any CPU
		{4117500B-5C00-4A83-A532-C7A19CC86A05}.Release|Any CPU.Build.0 = Release|Any CPU
		{4117500B-5C00-4A83-A532-C7A19CC86A05}.Release|x64.ActiveCfg = Release|Any CPU
		{4117500B-5C00-4A83-A532-C7A19CC86A05}.Release|x64.Build.0 = Release|Any CPU
		{4117500B-5C00-4A83-A532-C7A19CC86A05}.Release|x86.ActiveCfg = Release|Any CPU
		{4117500B-5C00-4A83-A532-C7A19CC86A05}.Release|x86.Build.0 = Release|Any CPU
		{43C1D6D6-8CF2-49B2-ACBE-05057DD00246}.Debug|Any CPU.ActiveCfg = Debug|Any CPU
		{43C1D6D6-8CF2-49B2-ACBE-05057DD00246}.Debug|Any CPU.Build.0 = Debug|Any CPU
		{43C1D6D6-8CF2-49B2-ACBE-05057DD00246}.Debug|x64.ActiveCfg = Debug|Any CPU
		{43C1D6D6-8CF2-49B2-ACBE-05057DD00246}.Debug|x64.Build.0 = Debug|Any CPU
		{43C1D6D6-8CF2-49B2-ACBE-05057DD00246}.Debug|x86.ActiveCfg = Debug|Any CPU
		{43C1D6D6-8CF2-49B2-ACBE-05057DD00246}.Debug|x86.Build.0 = Debug|Any CPU
		{43C1D6D6-8CF2-49B2-ACBE-05057DD00246}.Release|Any CPU.ActiveCfg = Release|Any CPU
		{43C1D6D6-8CF2-49B2-ACBE-05057DD00246}.Release|Any CPU.Build.0 = Release|Any CPU
		{43C1D6D6-8CF2-49B2-ACBE-05057DD00246}.Release|x64.ActiveCfg = Release|Any CPU
		{43C1D6D6-8CF2-49B2-ACBE-05057DD00246}.Release|x64.Build.0 = Release|Any CPU
		{43C1D6D6-8CF2-49B2-ACBE-05057DD00246}.Release|x86.ActiveCfg = Release|Any CPU
		{43C1D6D6-8CF2-49B2-ACBE-05057DD00246}.Release|x86.Build.0 = Release|Any CPU
		{844F4293-18CE-4E6E-B717-B01D16292A95}.Debug|Any CPU.ActiveCfg = Debug|Any CPU
		{844F4293-18CE-4E6E-B717-B01D16292A95}.Debug|Any CPU.Build.0 = Debug|Any CPU
		{844F4293-18CE-4E6E-B717-B01D16292A95}.Debug|x64.ActiveCfg = Debug|Any CPU
		{844F4293-18CE-4E6E-B717-B01D16292A95}.Debug|x64.Build.0 = Debug|Any CPU
		{844F4293-18CE-4E6E-B717-B01D16292A95}.Debug|x86.ActiveCfg = Debug|Any CPU
		{844F4293-18CE-4E6E-B717-B01D16292A95}.Debug|x86.Build.0 = Debug|Any CPU
		{844F4293-18CE-4E6E-B717-B01D16292A95}.Release|Any CPU.ActiveCfg = Release|Any CPU
		{844F4293-18CE-4E6E-B717-B01D16292A95}.Release|Any CPU.Build.0 = Release|Any CPU
		{844F4293-18CE-4E6E-B717-B01D16292A95}.Release|x64.ActiveCfg = Release|Any CPU
		{844F4293-18CE-4E6E-B717-B01D16292A95}.Release|x64.Build.0 = Release|Any CPU
		{844F4293-18CE-4E6E-B717-B01D16292A95}.Release|x86.ActiveCfg = Release|Any CPU
		{844F4293-18CE-4E6E-B717-B01D16292A95}.Release|x86.Build.0 = Release|Any CPU
		{AEDB5E66-E007-42AD-839B-9337D4ED3F5C}.Debug|Any CPU.ActiveCfg = Debug|Any CPU
		{AEDB5E66-E007-42AD-839B-9337D4ED3F5C}.Debug|Any CPU.Build.0 = Debug|Any CPU
		{AEDB5E66-E007-42AD-839B-9337D4ED3F5C}.Debug|x64.ActiveCfg = Debug|Any CPU
		{AEDB5E66-E007-42AD-839B-9337D4ED3F5C}.Debug|x64.Build.0 = Debug|Any CPU
		{AEDB5E66-E007-42AD-839B-9337D4ED3F5C}.Debug|x86.ActiveCfg = Debug|Any CPU
		{AEDB5E66-E007-42AD-839B-9337D4ED3F5C}.Debug|x86.Build.0 = Debug|Any CPU
		{AEDB5E66-E007-42AD-839B-9337D4ED3F5C}.Release|Any CPU.ActiveCfg = Release|Any CPU
		{AEDB5E66-E007-42AD-839B-9337D4ED3F5C}.Release|Any CPU.Build.0 = Release|Any CPU
		{AEDB5E66-E007-42AD-839B-9337D4ED3F5C}.Release|x64.ActiveCfg = Release|Any CPU
		{AEDB5E66-E007-42AD-839B-9337D4ED3F5C}.Release|x64.Build.0 = Release|Any CPU
		{AEDB5E66-E007-42AD-839B-9337D4ED3F5C}.Release|x86.ActiveCfg = Release|Any CPU
		{AEDB5E66-E007-42AD-839B-9337D4ED3F5C}.Release|x86.Build.0 = Release|Any CPU
		{CF2F227E-D487-4E56-8424-0AA93ECC9F5A}.Debug|Any CPU.ActiveCfg = Debug|Any CPU
		{CF2F227E-D487-4E56-8424-0AA93ECC9F5A}.Debug|Any CPU.Build.0 = Debug|Any CPU
		{CF2F227E-D487-4E56-8424-0AA93ECC9F5A}.Debug|x64.ActiveCfg = Debug|Any CPU
		{CF2F227E-D487-4E56-8424-0AA93ECC9F5A}.Debug|x64.Build.0 = Debug|Any CPU
		{CF2F227E-D487-4E56-8424-0AA93ECC9F5A}.Debug|x86.ActiveCfg = Debug|Any CPU
		{CF2F227E-D487-4E56-8424-0AA93ECC9F5A}.Debug|x86.Build.0 = Debug|Any CPU
		{CF2F227E-D487-4E56-8424-0AA93ECC9F5A}.Release|Any CPU.ActiveCfg = Release|Any CPU
		{CF2F227E-D487-4E56-8424-0AA93ECC9F5A}.Release|Any CPU.Build.0 = Release|Any CPU
		{CF2F227E-D487-4E56-8424-0AA93ECC9F5A}.Release|x64.ActiveCfg = Release|Any CPU
		{CF2F227E-D487-4E56-8424-0AA93ECC9F5A}.Release|x64.Build.0 = Release|Any CPU
		{CF2F227E-D487-4E56-8424-0AA93ECC9F5A}.Release|x86.ActiveCfg = Release|Any CPU
		{CF2F227E-D487-4E56-8424-0AA93ECC9F5A}.Release|x86.Build.0 = Release|Any CPU
		{754B31C6-A7A2-4078-B0A2-543343BA5F43}.Debug|Any CPU.ActiveCfg = Debug|Any CPU
		{754B31C6-A7A2-4078-B0A2-543343BA5F43}.Debug|Any CPU.Build.0 = Debug|Any CPU
		{754B31C6-A7A2-4078-B0A2-543343BA5F43}.Debug|Any CPU.Deploy.0 = Debug|Any CPU
		{754B31C6-A7A2-4078-B0A2-543343BA5F43}.Debug|x64.ActiveCfg = Debug|Any CPU
		{754B31C6-A7A2-4078-B0A2-543343BA5F43}.Debug|x64.Build.0 = Debug|Any CPU
		{754B31C6-A7A2-4078-B0A2-543343BA5F43}.Debug|x86.ActiveCfg = Debug|Any CPU
		{754B31C6-A7A2-4078-B0A2-543343BA5F43}.Debug|x86.Build.0 = Debug|Any CPU
		{754B31C6-A7A2-4078-B0A2-543343BA5F43}.Release|Any CPU.ActiveCfg = Release|Any CPU
		{754B31C6-A7A2-4078-B0A2-543343BA5F43}.Release|Any CPU.Build.0 = Release|Any CPU
		{754B31C6-A7A2-4078-B0A2-543343BA5F43}.Release|Any CPU.Deploy.0 = Release|Any CPU
		{754B31C6-A7A2-4078-B0A2-543343BA5F43}.Release|x64.ActiveCfg = Release|Any CPU
		{754B31C6-A7A2-4078-B0A2-543343BA5F43}.Release|x64.Build.0 = Release|Any CPU
		{754B31C6-A7A2-4078-B0A2-543343BA5F43}.Release|x86.ActiveCfg = Release|Any CPU
		{754B31C6-A7A2-4078-B0A2-543343BA5F43}.Release|x86.Build.0 = Release|Any CPU
		{2E0DBBFD-4936-42ED-B4A2-ADE1F0A84545}.Debug|Any CPU.ActiveCfg = Debug|Any CPU
		{2E0DBBFD-4936-42ED-B4A2-ADE1F0A84545}.Debug|Any CPU.Build.0 = Debug|Any CPU
		{2E0DBBFD-4936-42ED-B4A2-ADE1F0A84545}.Debug|x64.ActiveCfg = Debug|Any CPU
		{2E0DBBFD-4936-42ED-B4A2-ADE1F0A84545}.Debug|x64.Build.0 = Debug|Any CPU
		{2E0DBBFD-4936-42ED-B4A2-ADE1F0A84545}.Debug|x86.ActiveCfg = Debug|Any CPU
		{2E0DBBFD-4936-42ED-B4A2-ADE1F0A84545}.Debug|x86.Build.0 = Debug|Any CPU
		{2E0DBBFD-4936-42ED-B4A2-ADE1F0A84545}.Release|Any CPU.ActiveCfg = Release|Any CPU
		{2E0DBBFD-4936-42ED-B4A2-ADE1F0A84545}.Release|Any CPU.Build.0 = Release|Any CPU
		{2E0DBBFD-4936-42ED-B4A2-ADE1F0A84545}.Release|x64.ActiveCfg = Release|Any CPU
		{2E0DBBFD-4936-42ED-B4A2-ADE1F0A84545}.Release|x64.Build.0 = Release|Any CPU
		{2E0DBBFD-4936-42ED-B4A2-ADE1F0A84545}.Release|x86.ActiveCfg = Release|Any CPU
		{2E0DBBFD-4936-42ED-B4A2-ADE1F0A84545}.Release|x86.Build.0 = Release|Any CPU
		{415AD9A8-3171-46F9-BFF0-E3C8A34F17DD}.Debug|Any CPU.ActiveCfg = Debug|Any CPU
		{415AD9A8-3171-46F9-BFF0-E3C8A34F17DD}.Debug|Any CPU.Build.0 = Debug|Any CPU
		{415AD9A8-3171-46F9-BFF0-E3C8A34F17DD}.Debug|x64.ActiveCfg = Debug|Any CPU
		{415AD9A8-3171-46F9-BFF0-E3C8A34F17DD}.Debug|x64.Build.0 = Debug|Any CPU
		{415AD9A8-3171-46F9-BFF0-E3C8A34F17DD}.Debug|x86.ActiveCfg = Debug|Any CPU
		{415AD9A8-3171-46F9-BFF0-E3C8A34F17DD}.Debug|x86.Build.0 = Debug|Any CPU
		{415AD9A8-3171-46F9-BFF0-E3C8A34F17DD}.Release|Any CPU.ActiveCfg = Release|Any CPU
		{415AD9A8-3171-46F9-BFF0-E3C8A34F17DD}.Release|Any CPU.Build.0 = Release|Any CPU
		{415AD9A8-3171-46F9-BFF0-E3C8A34F17DD}.Release|x64.ActiveCfg = Release|Any CPU
		{415AD9A8-3171-46F9-BFF0-E3C8A34F17DD}.Release|x64.Build.0 = Release|Any CPU
		{415AD9A8-3171-46F9-BFF0-E3C8A34F17DD}.Release|x86.ActiveCfg = Release|Any CPU
		{415AD9A8-3171-46F9-BFF0-E3C8A34F17DD}.Release|x86.Build.0 = Release|Any CPU
		{2259ABB9-4DC3-4F15-86F2-23F63405D450}.Debug|Any CPU.ActiveCfg = Debug|Any CPU
		{2259ABB9-4DC3-4F15-86F2-23F63405D450}.Debug|Any CPU.Build.0 = Debug|Any CPU
		{2259ABB9-4DC3-4F15-86F2-23F63405D450}.Debug|x64.ActiveCfg = Debug|Any CPU
		{2259ABB9-4DC3-4F15-86F2-23F63405D450}.Debug|x64.Build.0 = Debug|Any CPU
		{2259ABB9-4DC3-4F15-86F2-23F63405D450}.Debug|x86.ActiveCfg = Debug|Any CPU
		{2259ABB9-4DC3-4F15-86F2-23F63405D450}.Debug|x86.Build.0 = Debug|Any CPU
		{2259ABB9-4DC3-4F15-86F2-23F63405D450}.Release|Any CPU.ActiveCfg = Release|Any CPU
		{2259ABB9-4DC3-4F15-86F2-23F63405D450}.Release|Any CPU.Build.0 = Release|Any CPU
		{2259ABB9-4DC3-4F15-86F2-23F63405D450}.Release|x64.ActiveCfg = Release|Any CPU
		{2259ABB9-4DC3-4F15-86F2-23F63405D450}.Release|x64.Build.0 = Release|Any CPU
		{2259ABB9-4DC3-4F15-86F2-23F63405D450}.Release|x86.ActiveCfg = Release|Any CPU
		{2259ABB9-4DC3-4F15-86F2-23F63405D450}.Release|x86.Build.0 = Release|Any CPU
		{D434E61C-356D-4FE8-B6C9-FF8B66E9DB72}.Debug|Any CPU.ActiveCfg = Debug|Any CPU
		{D434E61C-356D-4FE8-B6C9-FF8B66E9DB72}.Debug|Any CPU.Build.0 = Debug|Any CPU
		{D434E61C-356D-4FE8-B6C9-FF8B66E9DB72}.Debug|x64.ActiveCfg = Debug|Any CPU
		{D434E61C-356D-4FE8-B6C9-FF8B66E9DB72}.Debug|x64.Build.0 = Debug|Any CPU
		{D434E61C-356D-4FE8-B6C9-FF8B66E9DB72}.Debug|x86.ActiveCfg = Debug|Any CPU
		{D434E61C-356D-4FE8-B6C9-FF8B66E9DB72}.Debug|x86.Build.0 = Debug|Any CPU
		{D434E61C-356D-4FE8-B6C9-FF8B66E9DB72}.Release|Any CPU.ActiveCfg = Release|Any CPU
		{D434E61C-356D-4FE8-B6C9-FF8B66E9DB72}.Release|Any CPU.Build.0 = Release|Any CPU
		{D434E61C-356D-4FE8-B6C9-FF8B66E9DB72}.Release|x64.ActiveCfg = Release|Any CPU
		{D434E61C-356D-4FE8-B6C9-FF8B66E9DB72}.Release|x64.Build.0 = Release|Any CPU
		{D434E61C-356D-4FE8-B6C9-FF8B66E9DB72}.Release|x86.ActiveCfg = Release|Any CPU
		{D434E61C-356D-4FE8-B6C9-FF8B66E9DB72}.Release|x86.Build.0 = Release|Any CPU
		{3216F044-CF06-4D1A-88DA-B01CA557DE12}.Debug|Any CPU.ActiveCfg = Debug|Any CPU
		{3216F044-CF06-4D1A-88DA-B01CA557DE12}.Debug|Any CPU.Build.0 = Debug|Any CPU
		{3216F044-CF06-4D1A-88DA-B01CA557DE12}.Debug|x64.ActiveCfg = Debug|Any CPU
		{3216F044-CF06-4D1A-88DA-B01CA557DE12}.Debug|x64.Build.0 = Debug|Any CPU
		{3216F044-CF06-4D1A-88DA-B01CA557DE12}.Debug|x86.ActiveCfg = Debug|Any CPU
		{3216F044-CF06-4D1A-88DA-B01CA557DE12}.Debug|x86.Build.0 = Debug|Any CPU
		{3216F044-CF06-4D1A-88DA-B01CA557DE12}.Release|Any CPU.ActiveCfg = Release|Any CPU
		{3216F044-CF06-4D1A-88DA-B01CA557DE12}.Release|Any CPU.Build.0 = Release|Any CPU
		{3216F044-CF06-4D1A-88DA-B01CA557DE12}.Release|x64.ActiveCfg = Release|Any CPU
		{3216F044-CF06-4D1A-88DA-B01CA557DE12}.Release|x64.Build.0 = Release|Any CPU
		{3216F044-CF06-4D1A-88DA-B01CA557DE12}.Release|x86.ActiveCfg = Release|Any CPU
		{3216F044-CF06-4D1A-88DA-B01CA557DE12}.Release|x86.Build.0 = Release|Any CPU
		{F70F50BB-C07E-4FCC-B9AB-18EE847AB708}.Debug|Any CPU.ActiveCfg = Debug|Any CPU
		{F70F50BB-C07E-4FCC-B9AB-18EE847AB708}.Debug|Any CPU.Build.0 = Debug|Any CPU
		{F70F50BB-C07E-4FCC-B9AB-18EE847AB708}.Debug|x64.ActiveCfg = Debug|Any CPU
		{F70F50BB-C07E-4FCC-B9AB-18EE847AB708}.Debug|x64.Build.0 = Debug|Any CPU
		{F70F50BB-C07E-4FCC-B9AB-18EE847AB708}.Debug|x86.ActiveCfg = Debug|Any CPU
		{F70F50BB-C07E-4FCC-B9AB-18EE847AB708}.Debug|x86.Build.0 = Debug|Any CPU
		{F70F50BB-C07E-4FCC-B9AB-18EE847AB708}.Release|Any CPU.ActiveCfg = Release|Any CPU
		{F70F50BB-C07E-4FCC-B9AB-18EE847AB708}.Release|Any CPU.Build.0 = Release|Any CPU
		{F70F50BB-C07E-4FCC-B9AB-18EE847AB708}.Release|x64.ActiveCfg = Release|Any CPU
		{F70F50BB-C07E-4FCC-B9AB-18EE847AB708}.Release|x64.Build.0 = Release|Any CPU
		{F70F50BB-C07E-4FCC-B9AB-18EE847AB708}.Release|x86.ActiveCfg = Release|Any CPU
		{F70F50BB-C07E-4FCC-B9AB-18EE847AB708}.Release|x86.Build.0 = Release|Any CPU
		{A43C9729-A9C1-4CCB-8235-1193CE783C90}.Debug|Any CPU.ActiveCfg = Debug|Any CPU
		{A43C9729-A9C1-4CCB-8235-1193CE783C90}.Debug|Any CPU.Build.0 = Debug|Any CPU
		{A43C9729-A9C1-4CCB-8235-1193CE783C90}.Debug|x64.ActiveCfg = Debug|Any CPU
		{A43C9729-A9C1-4CCB-8235-1193CE783C90}.Debug|x64.Build.0 = Debug|Any CPU
		{A43C9729-A9C1-4CCB-8235-1193CE783C90}.Debug|x86.ActiveCfg = Debug|Any CPU
		{A43C9729-A9C1-4CCB-8235-1193CE783C90}.Debug|x86.Build.0 = Debug|Any CPU
		{A43C9729-A9C1-4CCB-8235-1193CE783C90}.Release|Any CPU.ActiveCfg = Release|Any CPU
		{A43C9729-A9C1-4CCB-8235-1193CE783C90}.Release|Any CPU.Build.0 = Release|Any CPU
		{A43C9729-A9C1-4CCB-8235-1193CE783C90}.Release|x64.ActiveCfg = Release|Any CPU
		{A43C9729-A9C1-4CCB-8235-1193CE783C90}.Release|x64.Build.0 = Release|Any CPU
		{A43C9729-A9C1-4CCB-8235-1193CE783C90}.Release|x86.ActiveCfg = Release|Any CPU
		{A43C9729-A9C1-4CCB-8235-1193CE783C90}.Release|x86.Build.0 = Release|Any CPU
		{09E5DD28-ADE4-496B-8BFC-A7C5713D4F94}.Debug|Any CPU.ActiveCfg = Debug|Any CPU
		{09E5DD28-ADE4-496B-8BFC-A7C5713D4F94}.Debug|Any CPU.Build.0 = Debug|Any CPU
		{09E5DD28-ADE4-496B-8BFC-A7C5713D4F94}.Debug|x64.ActiveCfg = Debug|Any CPU
		{09E5DD28-ADE4-496B-8BFC-A7C5713D4F94}.Debug|x64.Build.0 = Debug|Any CPU
		{09E5DD28-ADE4-496B-8BFC-A7C5713D4F94}.Debug|x86.ActiveCfg = Debug|Any CPU
		{09E5DD28-ADE4-496B-8BFC-A7C5713D4F94}.Debug|x86.Build.0 = Debug|Any CPU
		{09E5DD28-ADE4-496B-8BFC-A7C5713D4F94}.Release|Any CPU.ActiveCfg = Release|Any CPU
		{09E5DD28-ADE4-496B-8BFC-A7C5713D4F94}.Release|Any CPU.Build.0 = Release|Any CPU
		{09E5DD28-ADE4-496B-8BFC-A7C5713D4F94}.Release|x64.ActiveCfg = Release|Any CPU
		{09E5DD28-ADE4-496B-8BFC-A7C5713D4F94}.Release|x64.Build.0 = Release|Any CPU
		{09E5DD28-ADE4-496B-8BFC-A7C5713D4F94}.Release|x86.ActiveCfg = Release|Any CPU
		{09E5DD28-ADE4-496B-8BFC-A7C5713D4F94}.Release|x86.Build.0 = Release|Any CPU
		{44DB7E3E-C615-41FC-BBA9-C4AFFAD4C4AC}.Debug|Any CPU.ActiveCfg = Debug|Any CPU
		{44DB7E3E-C615-41FC-BBA9-C4AFFAD4C4AC}.Debug|Any CPU.Build.0 = Debug|Any CPU
		{44DB7E3E-C615-41FC-BBA9-C4AFFAD4C4AC}.Debug|x64.ActiveCfg = Debug|Any CPU
		{44DB7E3E-C615-41FC-BBA9-C4AFFAD4C4AC}.Debug|x64.Build.0 = Debug|Any CPU
		{44DB7E3E-C615-41FC-BBA9-C4AFFAD4C4AC}.Debug|x86.ActiveCfg = Debug|Any CPU
		{44DB7E3E-C615-41FC-BBA9-C4AFFAD4C4AC}.Debug|x86.Build.0 = Debug|Any CPU
		{44DB7E3E-C615-41FC-BBA9-C4AFFAD4C4AC}.Release|Any CPU.ActiveCfg = Release|Any CPU
		{44DB7E3E-C615-41FC-BBA9-C4AFFAD4C4AC}.Release|Any CPU.Build.0 = Release|Any CPU
		{44DB7E3E-C615-41FC-BBA9-C4AFFAD4C4AC}.Release|x64.ActiveCfg = Release|Any CPU
		{44DB7E3E-C615-41FC-BBA9-C4AFFAD4C4AC}.Release|x64.Build.0 = Release|Any CPU
		{44DB7E3E-C615-41FC-BBA9-C4AFFAD4C4AC}.Release|x86.ActiveCfg = Release|Any CPU
		{44DB7E3E-C615-41FC-BBA9-C4AFFAD4C4AC}.Release|x86.Build.0 = Release|Any CPU
		{3EBEB444-87F5-4992-87A8-490FE9D2AA00}.Debug|Any CPU.ActiveCfg = Debug|Any CPU
		{3EBEB444-87F5-4992-87A8-490FE9D2AA00}.Debug|Any CPU.Build.0 = Debug|Any CPU
		{3EBEB444-87F5-4992-87A8-490FE9D2AA00}.Debug|x64.ActiveCfg = Debug|Any CPU
		{3EBEB444-87F5-4992-87A8-490FE9D2AA00}.Debug|x64.Build.0 = Debug|Any CPU
		{3EBEB444-87F5-4992-87A8-490FE9D2AA00}.Debug|x86.ActiveCfg = Debug|Any CPU
		{3EBEB444-87F5-4992-87A8-490FE9D2AA00}.Debug|x86.Build.0 = Debug|Any CPU
		{3EBEB444-87F5-4992-87A8-490FE9D2AA00}.Release|Any CPU.ActiveCfg = Release|Any CPU
		{3EBEB444-87F5-4992-87A8-490FE9D2AA00}.Release|Any CPU.Build.0 = Release|Any CPU
		{3EBEB444-87F5-4992-87A8-490FE9D2AA00}.Release|x64.ActiveCfg = Release|Any CPU
		{3EBEB444-87F5-4992-87A8-490FE9D2AA00}.Release|x64.Build.0 = Release|Any CPU
		{3EBEB444-87F5-4992-87A8-490FE9D2AA00}.Release|x86.ActiveCfg = Release|Any CPU
		{3EBEB444-87F5-4992-87A8-490FE9D2AA00}.Release|x86.Build.0 = Release|Any CPU
		{FAC90261-C93B-4340-B426-F5C7AB808CED}.Debug|Any CPU.ActiveCfg = Debug|Any CPU
		{FAC90261-C93B-4340-B426-F5C7AB808CED}.Debug|Any CPU.Build.0 = Debug|Any CPU
		{FAC90261-C93B-4340-B426-F5C7AB808CED}.Debug|x64.ActiveCfg = Debug|Any CPU
		{FAC90261-C93B-4340-B426-F5C7AB808CED}.Debug|x64.Build.0 = Debug|Any CPU
		{FAC90261-C93B-4340-B426-F5C7AB808CED}.Debug|x86.ActiveCfg = Debug|Any CPU
		{FAC90261-C93B-4340-B426-F5C7AB808CED}.Debug|x86.Build.0 = Debug|Any CPU
		{FAC90261-C93B-4340-B426-F5C7AB808CED}.Release|Any CPU.ActiveCfg = Release|Any CPU
		{FAC90261-C93B-4340-B426-F5C7AB808CED}.Release|Any CPU.Build.0 = Release|Any CPU
		{FAC90261-C93B-4340-B426-F5C7AB808CED}.Release|x64.ActiveCfg = Release|Any CPU
		{FAC90261-C93B-4340-B426-F5C7AB808CED}.Release|x64.Build.0 = Release|Any CPU
		{FAC90261-C93B-4340-B426-F5C7AB808CED}.Release|x86.ActiveCfg = Release|Any CPU
		{FAC90261-C93B-4340-B426-F5C7AB808CED}.Release|x86.Build.0 = Release|Any CPU
		{4BD06B6F-16C6-4DBA-85E7-304B835B1A75}.Debug|Any CPU.ActiveCfg = Debug|Any CPU
		{4BD06B6F-16C6-4DBA-85E7-304B835B1A75}.Debug|Any CPU.Build.0 = Debug|Any CPU
		{4BD06B6F-16C6-4DBA-85E7-304B835B1A75}.Debug|x64.ActiveCfg = Debug|Any CPU
		{4BD06B6F-16C6-4DBA-85E7-304B835B1A75}.Debug|x64.Build.0 = Debug|Any CPU
		{4BD06B6F-16C6-4DBA-85E7-304B835B1A75}.Debug|x86.ActiveCfg = Debug|Any CPU
		{4BD06B6F-16C6-4DBA-85E7-304B835B1A75}.Debug|x86.Build.0 = Debug|Any CPU
		{4BD06B6F-16C6-4DBA-85E7-304B835B1A75}.Release|Any CPU.ActiveCfg = Release|Any CPU
		{4BD06B6F-16C6-4DBA-85E7-304B835B1A75}.Release|Any CPU.Build.0 = Release|Any CPU
		{4BD06B6F-16C6-4DBA-85E7-304B835B1A75}.Release|x64.ActiveCfg = Release|Any CPU
		{4BD06B6F-16C6-4DBA-85E7-304B835B1A75}.Release|x64.Build.0 = Release|Any CPU
		{4BD06B6F-16C6-4DBA-85E7-304B835B1A75}.Release|x86.ActiveCfg = Release|Any CPU
		{4BD06B6F-16C6-4DBA-85E7-304B835B1A75}.Release|x86.Build.0 = Release|Any CPU
		{036DC589-B9AE-49D4-8D08-C3AE48A37AE3}.Debug|Any CPU.ActiveCfg = Debug|Any CPU
		{036DC589-B9AE-49D4-8D08-C3AE48A37AE3}.Debug|Any CPU.Build.0 = Debug|Any CPU
		{036DC589-B9AE-49D4-8D08-C3AE48A37AE3}.Debug|x64.ActiveCfg = Debug|Any CPU
		{036DC589-B9AE-49D4-8D08-C3AE48A37AE3}.Debug|x64.Build.0 = Debug|Any CPU
		{036DC589-B9AE-49D4-8D08-C3AE48A37AE3}.Debug|x86.ActiveCfg = Debug|Any CPU
		{036DC589-B9AE-49D4-8D08-C3AE48A37AE3}.Debug|x86.Build.0 = Debug|Any CPU
		{036DC589-B9AE-49D4-8D08-C3AE48A37AE3}.Release|Any CPU.ActiveCfg = Release|Any CPU
		{036DC589-B9AE-49D4-8D08-C3AE48A37AE3}.Release|Any CPU.Build.0 = Release|Any CPU
		{036DC589-B9AE-49D4-8D08-C3AE48A37AE3}.Release|x64.ActiveCfg = Release|Any CPU
		{036DC589-B9AE-49D4-8D08-C3AE48A37AE3}.Release|x64.Build.0 = Release|Any CPU
		{036DC589-B9AE-49D4-8D08-C3AE48A37AE3}.Release|x86.ActiveCfg = Release|Any CPU
		{036DC589-B9AE-49D4-8D08-C3AE48A37AE3}.Release|x86.Build.0 = Release|Any CPU
		{5B0AE474-D8E6-45F6-B5B0-891530C13A46}.Debug|Any CPU.ActiveCfg = Debug|Any CPU
		{5B0AE474-D8E6-45F6-B5B0-891530C13A46}.Debug|Any CPU.Build.0 = Debug|Any CPU
		{5B0AE474-D8E6-45F6-B5B0-891530C13A46}.Debug|x64.ActiveCfg = Debug|Any CPU
		{5B0AE474-D8E6-45F6-B5B0-891530C13A46}.Debug|x64.Build.0 = Debug|Any CPU
		{5B0AE474-D8E6-45F6-B5B0-891530C13A46}.Debug|x86.ActiveCfg = Debug|Any CPU
		{5B0AE474-D8E6-45F6-B5B0-891530C13A46}.Debug|x86.Build.0 = Debug|Any CPU
		{5B0AE474-D8E6-45F6-B5B0-891530C13A46}.Release|Any CPU.ActiveCfg = Release|Any CPU
		{5B0AE474-D8E6-45F6-B5B0-891530C13A46}.Release|Any CPU.Build.0 = Release|Any CPU
		{5B0AE474-D8E6-45F6-B5B0-891530C13A46}.Release|x64.ActiveCfg = Release|Any CPU
		{5B0AE474-D8E6-45F6-B5B0-891530C13A46}.Release|x64.Build.0 = Release|Any CPU
		{5B0AE474-D8E6-45F6-B5B0-891530C13A46}.Release|x86.ActiveCfg = Release|Any CPU
		{5B0AE474-D8E6-45F6-B5B0-891530C13A46}.Release|x86.Build.0 = Release|Any CPU
	EndGlobalSection
	GlobalSection(SolutionProperties) = preSolution
		HideSolutionNode = FALSE
	EndGlobalSection
	GlobalSection(ExtensibilityGlobals) = postSolution
		SolutionGuid = {EA5FAB48-C8B1-497C-8532-4E1D8D8ACCDB}
	EndGlobalSection
EndGlobal
