
Microsoft Visual Studio Solution File, Format Version 12.00
# Visual Studio Version 17
VisualStudioVersion = 17.0.31903.59
MinimumVisualStudioVersion = 10.0.40219.1
Project("{9A19103F-16F7-4668-BE54-9A1E7A4F7556}") = "Web", "Web\Web.csproj", "{AB944840-22AF-4CF3-90C5-072FC5C5FB77}"
EndProject
Project("{FAE04EC0-301F-11D3-BF4B-00C04F79EFBC}") = "Components", "Components\Components.csproj", "{94BAF984-03DC-4235-9324-A374040FB69E}"
EndProject
Global
	GlobalSection(SolutionConfigurationPlatforms) = preSolution
		Debug|Any CPU = Debug|Any CPU
		Release|Any CPU = Release|Any CPU
	EndGlobalSection
	GlobalSection(ProjectConfigurationPlatforms) = postSolution
		{AB944840-22AF-4CF3-90C5-072FC5C5FB77}.Debug|Any CPU.ActiveCfg = Debug|Any CPU
		{AB944840-22AF-4CF3-90C5-072FC5C5FB77}.Debug|Any CPU.Build.0 = Debug|Any CPU
		{AB944840-22AF-4CF3-90C5-072FC5C5FB77}.Release|Any CPU.ActiveCfg = Release|Any CPU
		{AB944840-22AF-4CF3-90C5-072FC5C5FB77}.Release|Any CPU.Build.0 = Release|Any CPU
		{94BAF984-03DC-4235-9324-A374040FB69E}.Debug|Any CPU.ActiveCfg = Debug|Any CPU
		{94BAF984-03DC-4235-9324-A374040FB69E}.Debug|Any CPU.Build.0 = Debug|Any CPU
		{94BAF984-03DC-4235-9324-A374040FB69E}.Release|Any CPU.ActiveCfg = Release|Any CPU
		{94BAF984-03DC-4235-9324-A374040FB69E}.Release|Any CPU.Build.0 = Release|Any CPU
	EndGlobalSection
	GlobalSection(SolutionProperties) = preSolution
		HideSolutionNode = FALSE
	EndGlobalSection
	GlobalSection(ExtensibilityGlobals) = postSolution
		SolutionGuid = {EA5FAB48-C8B1-497C-8532-4E1D8D8ACCDB}
	EndGlobalSection
EndGlobal
